{
  "lockfileVersion": 1,
  "configVersion": 1,
  "workspaces": {
    "": {
      "name": "my-turborepo",
      "devDependencies": {
        "turbo": "^2.7.2",
      },
    },
  },
  "packages": {
    "turbo": ["turbo@2.7.2", "", { "optionalDependencies": { "turbo-darwin-64": "2.7.2", "turbo-darwin-arm64": "2.7.2", "turbo-linux-64": "2.7.2", "turbo-linux-arm64": "2.7.2", "turbo-windows-64": "2.7.2", "turbo-windows-arm64": "2.7.2" }, "bin": { "turbo": "bin/turbo" } }, "sha512-5JIA5aYBAJSAhrhbyag1ZuMSgUZnHtI+Sq3H8D3an4fL8PeF+L1yYvbEJg47akP1PFfATMf5ehkqFnxfkmuwZQ=="],

    "turbo-darwin-64": ["turbo-darwin-64@2.7.2", "", { "os": "darwin", "cpu": "x64" }, "sha512-dxY3X6ezcT5vm3coK6VGixbrhplbQMwgNsCsvZamS/+/6JiebqW9DKt4NwpgYXhDY2HdH00I7FWs3wkVuan4rA=="],

    "turbo-darwin-arm64": ["turbo-darwin-arm64@2.7.2", "", { "os": "darwin", "cpu": "arm64" }, "sha512-1bXmuwPLqNFt3mzrtYcVx1sdJ8UYb124Bf48nIgcpMCGZy3kDhgxNv1503kmuK/37OGOZbsWSQFU4I08feIuSg=="],

    "turbo-linux-64": ["turbo-linux-64@2.7.2", "", { "os": "linux", "cpu": "x64" }, "sha512-kP+TiiMaiPugbRlv57VGLfcjFNsFbo8H64wMBCPV2270Or2TpDCBULMzZrvEsvWFjT3pBFvToYbdp8/Kw0jAQg=="],

    "turbo-linux-arm64": ["turbo-linux-arm64@2.7.2", "", { "os": "linux", "cpu": "arm64" }, "sha512-VDJwQ0+8zjAfbyY6boNaWfP6RIez4ypKHxwkuB6SrWbOSk+vxTyW5/hEjytTwK8w/TsbKVcMDyvpora8tEsRFw=="],

    "turbo-windows-64": ["turbo-windows-64@2.7.2", "", { "os": "win32", "cpu": "x64" }, "sha512-rPjqQXVnI6A6oxgzNEE8DNb6Vdj2Wwyhfv3oDc+YM3U9P7CAcBIlKv/868mKl4vsBtz4ouWpTQNXG8vljgJO+w=="],

    "turbo-windows-arm64": ["turbo-windows-arm64@2.7.2", "", { "os": "win32", "cpu": "arm64" }, "sha512-tcnHvBhO515OheIFWdxA+qUvZzNqqcHbLVFc1+n+TJ1rrp8prYicQtbtmsiKgMvr/54jb9jOabU62URAobnB7g=="],
  }
}
